// !$*UTF8*$!
{
	archiveVersion = 1;
	classes = {
	};
	objectVersion = 56;
	objects = {

/* Begin PBXBuildFile section */
		8A625D082955685E007F1E99 /* AppDelegate.swift in Sources */ = {isa = PBXBuildFile; fileRef = 8A625D072955685E007F1E99 /* AppDelegate.swift */; };
		8A625D0A2955685E007F1E99 /* SceneDelegate.swift in Sources */ = {isa = PBXBuildFile; fileRef = 8A625D092955685E007F1E99 /* SceneDelegate.swift */; };
		8A625D0C2955685E007F1E99 /* ViewController.swift in Sources */ = {isa = PBXBuildFile; fileRef = 8A625D0B2955685E007F1E99 /* ViewController.swift */; };
		8A625D1129556860007F1E99 /* Assets.xcassets in Resources */ = {isa = PBXBuildFile; fileRef = 8A625D1029556860007F1E99 /* Assets.xcassets */; };
		8A625D1429556860007F1E99 /* LaunchScreen.storyboard in Resources */ = {isa = PBXBuildFile; fileRef = 8A625D1229556860007F1E99 /* LaunchScreen.storyboard */; };
		8A625D1F29556860007F1E99 /* iOSTemplatesTests.swift in Sources */ = {isa = PBXBuildFile; fileRef = 8A625D1E29556860007F1E99 /* iOSTemplatesTests.swift */; };
		8A625D2929556860007F1E99 /* iOSTemplatesUITests.swift in Sources */ = {isa = PBXBuildFile; fileRef = 8A625D2829556860007F1E99 /* iOSTemplatesUITests.swift */; };
		8A625D2B29556860007F1E99 /* iOSTemplatesUITestsLaunchTests.swift in Sources */ = {isa = PBXBuildFile; fileRef = 8A625D2A29556860007F1E99 /* iOSTemplatesUITestsLaunchTests.swift */; };
		A795922BFDBF4B7D8DEDD41E /* Pods_iOSTemplates_iOSTemplatesUITests.framework in Frameworks */ = {isa = PBXBuildFile; fileRef = DE478FAC7EE57E92DEFD674B /* Pods_iOSTemplates_iOSTemplatesUITests.framework */; };
		D79786BB7B76CD708BB4F9A7 /* Pods_iOSTemplates.framework in Frameworks */ = {isa = PBXBuildFile; fileRef = D788A06C70C2B87D95062DAC /* Pods_iOSTemplates.framework */; };
		E262E5CA986A451ACD01C244 /* Pods_iOSTemplatesTests.framework in Frameworks */ = {isa = PBXBuildFile; fileRef = 3D73B1EFF3D8733A5E0662FB /* Pods_iOSTemplatesTests.framework */; };
/* End PBXBuildFile section */

/* Begin PBXContainerItemProxy section */
		8A625D1B29556860007F1E99 /* PBXContainerItemProxy */ = {
			isa = PBXContainerItemProxy;
			containerPortal = 8A625CFC2955685E007F1E99 /* Project object */;
			proxyType = 1;
			remoteGlobalIDString = 8A625D032955685E007F1E99;
			remoteInfo = iOSTemplates;
		};
		8A625D2529556860007F1E99 /* PBXContainerItemProxy */ = {
			isa = PBXContainerItemProxy;
			containerPortal = 8A625CFC2955685E007F1E99 /* Project object */;
			proxyType = 1;
			remoteGlobalIDString = 8A625D032955685E007F1E99;
			remoteInfo = iOSTemplates;
		};
/* End PBXContainerItemProxy section */

/* Begin PBXFileReference section */
		3D73B1EFF3D8733A5E0662FB /* Pods_iOSTemplatesTests.framework */ = {isa = PBXFileReference; explicitFileType = wrapper.framework; includeInIndex = 0; path = Pods_iOSTemplatesTests.framework; sourceTree = BUILT_PRODUCTS_DIR; };
		70CD2FC8403890DA7E5606E9 /* Pods-iOSTemplates-iOSTemplatesUITests.debug.xcconfig */ = {isa = PBXFileReference; includeInIndex = 1; lastKnownFileType = text.xcconfig; name = "Pods-iOSTemplates-iOSTemplatesUITests.debug.xcconfig"; path = "Target Support Files/Pods-iOSTemplates-iOSTemplatesUITests/Pods-iOSTemplates-iOSTemplatesUITests.debug.xcconfig"; sourceTree = "<group>"; };
		7EB0286623D74BD5DABEF9E6 /* Pods-iOSTemplates-iOSTemplatesUITests.release.xcconfig */ = {isa = PBXFileReference; includeInIndex = 1; lastKnownFileType = text.xcconfig; name = "Pods-iOSTemplates-iOSTemplatesUITests.release.xcconfig"; path = "Target Support Files/Pods-iOSTemplates-iOSTemplatesUITests/Pods-iOSTemplates-iOSTemplatesUITests.release.xcconfig"; sourceTree = "<group>"; };
		8A625D042955685E007F1E99 /* iOSTemplates.app */ = {isa = PBXFileReference; explicitFileType = wrapper.application; includeInIndex = 0; path = iOSTemplates.app; sourceTree = BUILT_PRODUCTS_DIR; };
		8A625D072955685E007F1E99 /* AppDelegate.swift */ = {isa = PBXFileReference; lastKnownFileType = sourcecode.swift; path = AppDelegate.swift; sourceTree = "<group>"; };
		8A625D092955685E007F1E99 /* SceneDelegate.swift */ = {isa = PBXFileReference; lastKnownFileType = sourcecode.swift; path = SceneDelegate.swift; sourceTree = "<group>"; };
		8A625D0B2955685E007F1E99 /* ViewController.swift */ = {isa = PBXFileReference; lastKnownFileType = sourcecode.swift; path = ViewController.swift; sourceTree = "<group>"; };
		8A625D1029556860007F1E99 /* Assets.xcassets */ = {isa = PBXFileReference; lastKnownFileType = folder.assetcatalog; path = Assets.xcassets; sourceTree = "<group>"; };
		8A625D1329556860007F1E99 /* Base */ = {isa = PBXFileReference; lastKnownFileType = file.storyboard; name = Base; path = Base.lproj/LaunchScreen.storyboard; sourceTree = "<group>"; };
		8A625D1529556860007F1E99 /* Info.plist */ = {isa = PBXFileReference; lastKnownFileType = text.plist.xml; path = Info.plist; sourceTree = "<group>"; };
		8A625D1A29556860007F1E99 /* iOSTemplatesTests.xctest */ = {isa = PBXFileReference; explicitFileType = wrapper.cfbundle; includeInIndex = 0; path = iOSTemplatesTests.xctest; sourceTree = BUILT_PRODUCTS_DIR; };
		8A625D1E29556860007F1E99 /* iOSTemplatesTests.swift */ = {isa = PBXFileReference; lastKnownFileType = sourcecode.swift; path = iOSTemplatesTests.swift; sourceTree = "<group>"; };
		8A625D2429556860007F1E99 /* iOSTemplatesUITests.xctest */ = {isa = PBXFileReference; explicitFileType = wrapper.cfbundle; includeInIndex = 0; path = iOSTemplatesUITests.xctest; sourceTree = BUILT_PRODUCTS_DIR; };
		8A625D2829556860007F1E99 /* iOSTemplatesUITests.swift */ = {isa = PBXFileReference; lastKnownFileType = sourcecode.swift; path = iOSTemplatesUITests.swift; sourceTree = "<group>"; };
		8A625D2A29556860007F1E99 /* iOSTemplatesUITestsLaunchTests.swift */ = {isa = PBXFileReference; lastKnownFileType = sourcecode.swift; path = iOSTemplatesUITestsLaunchTests.swift; sourceTree = "<group>"; };
		BFE5FA32D62007B1EC4D9447 /* Pods-iOSTemplates.release.xcconfig */ = {isa = PBXFileReference; includeInIndex = 1; lastKnownFileType = text.xcconfig; name = "Pods-iOSTemplates.release.xcconfig"; path = "Target Support Files/Pods-iOSTemplates/Pods-iOSTemplates.release.xcconfig"; sourceTree = "<group>"; };
		CB0B20F3AFC36BF68A740CA6 /* Pods-iOSTemplates.debug.xcconfig */ = {isa = PBXFileReference; includeInIndex = 1; lastKnownFileType = text.xcconfig; name = "Pods-iOSTemplates.debug.xcconfig"; path = "Target Support Files/Pods-iOSTemplates/Pods-iOSTemplates.debug.xcconfig"; sourceTree = "<group>"; };
		CCF5F3873851E49C2F4B2B23 /* Pods-iOSTemplatesTests.debug.xcconfig */ = {isa = PBXFileReference; includeInIndex = 1; lastKnownFileType = text.xcconfig; name = "Pods-iOSTemplatesTests.debug.xcconfig"; path = "Target Support Files/Pods-iOSTemplatesTests/Pods-iOSTemplatesTests.debug.xcconfig"; sourceTree = "<group>"; };
		D788A06C70C2B87D95062DAC /* Pods_iOSTemplates.framework */ = {isa = PBXFileReference; explicitFileType = wrapper.framework; includeInIndex = 0; path = Pods_iOSTemplates.framework; sourceTree = BUILT_PRODUCTS_DIR; };
		DE478FAC7EE57E92DEFD674B /* Pods_iOSTemplates_iOSTemplatesUITests.framework */ = {isa = PBXFileReference; explicitFileType = wrapper.framework; includeInIndex = 0; path = Pods_iOSTemplates_iOSTemplatesUITests.framework; sourceTree = BUILT_PRODUCTS_DIR; };
		ED5286A32DD4267F0D70D4C2 /* Pods-iOSTemplatesTests.release.xcconfig */ = {isa = PBXFileReference; includeInIndex = 1; lastKnownFileType = text.xcconfig; name = "Pods-iOSTemplatesTests.release.xcconfig"; path = "Target Support Files/Pods-iOSTemplatesTests/Pods-iOSTemplatesTests.release.xcconfig"; sourceTree = "<group>"; };
/* End PBXFileReference section */

/* Begin PBXFrameworksBuildPhase section */
		8A625D012955685E007F1E99 /* Frameworks */ = {
			isa = PBXFrameworksBuildPhase;
			buildActionMask = 2147483647;
			files = (
				D79786BB7B76CD708BB4F9A7 /* Pods_iOSTemplates.framework in Frameworks */,
			);
			runOnlyForDeploymentPostprocessing = 0;
		};
		8A625D1729556860007F1E99 /* Frameworks */ = {
			isa = PBXFrameworksBuildPhase;
			buildActionMask = 2147483647;
			files = (
				E262E5CA986A451ACD01C244 /* Pods_iOSTemplatesTests.framework in Frameworks */,
			);
			runOnlyForDeploymentPostprocessing = 0;
		};
		8A625D2129556860007F1E99 /* Frameworks */ = {
			isa = PBXFrameworksBuildPhase;
			buildActionMask = 2147483647;
			files = (
				A795922BFDBF4B7D8DEDD41E /* Pods_iOSTemplates_iOSTemplatesUITests.framework in Frameworks */,
			);
			runOnlyForDeploymentPostprocessing = 0;
		};
/* End PBXFrameworksBuildPhase section */

/* Begin PBXGroup section */
		80EA555CBBC0DB545C20D49F /* Pods */ = {
			isa = PBXGroup;
			children = (
				CB0B20F3AFC36BF68A740CA6 /* Pods-iOSTemplates.debug.xcconfig */,
				BFE5FA32D62007B1EC4D9447 /* Pods-iOSTemplates.release.xcconfig */,
				70CD2FC8403890DA7E5606E9 /* Pods-iOSTemplates-iOSTemplatesUITests.debug.xcconfig */,
				7EB0286623D74BD5DABEF9E6 /* Pods-iOSTemplates-iOSTemplatesUITests.release.xcconfig */,
				CCF5F3873851E49C2F4B2B23 /* Pods-iOSTemplatesTests.debug.xcconfig */,
				ED5286A32DD4267F0D70D4C2 /* Pods-iOSTemplatesTests.release.xcconfig */,
			);
			path = Pods;
			sourceTree = "<group>";
		};
		8A625CFB2955685E007F1E99 = {
			isa = PBXGroup;
			children = (
				8A625D062955685E007F1E99 /* iOSTemplates */,
				8A625D1D29556860007F1E99 /* iOSTemplatesTests */,
				8A625D2729556860007F1E99 /* iOSTemplatesUITests */,
				8A625D052955685E007F1E99 /* Products */,
				80EA555CBBC0DB545C20D49F /* Pods */,
				CBA332CCB80C3CE867961CF3 /* Frameworks */,
			);
			sourceTree = "<group>";
		};
		8A625D052955685E007F1E99 /* Products */ = {
			isa = PBXGroup;
			children = (
				8A625D042955685E007F1E99 /* iOSTemplates.app */,
				8A625D1A29556860007F1E99 /* iOSTemplatesTests.xctest */,
				8A625D2429556860007F1E99 /* iOSTemplatesUITests.xctest */,
			);
			name = Products;
			sourceTree = "<group>";
		};
		8A625D062955685E007F1E99 /* iOSTemplates */ = {
			isa = PBXGroup;
			children = (
				8A625D072955685E007F1E99 /* AppDelegate.swift */,
				8A625D092955685E007F1E99 /* SceneDelegate.swift */,
				8A625D0B2955685E007F1E99 /* ViewController.swift */,
				8A625D1029556860007F1E99 /* Assets.xcassets */,
				8A625D1229556860007F1E99 /* LaunchScreen.storyboard */,
				8A625D1529556860007F1E99 /* Info.plist */,
			);
			path = iOSTemplates;
			sourceTree = "<group>";
		};
		8A625D1D29556860007F1E99 /* iOSTemplatesTests */ = {
			isa = PBXGroup;
			children = (
				8A625D1E29556860007F1E99 /* iOSTemplatesTests.swift */,
			);
			path = iOSTemplatesTests;
			sourceTree = "<group>";
		};
		8A625D2729556860007F1E99 /* iOSTemplatesUITests */ = {
			isa = PBXGroup;
			children = (
				8A625D2829556860007F1E99 /* iOSTemplatesUITests.swift */,
				8A625D2A29556860007F1E99 /* iOSTemplatesUITestsLaunchTests.swift */,
			);
			path = iOSTemplatesUITests;
			sourceTree = "<group>";
		};
		CBA332CCB80C3CE867961CF3 /* Frameworks */ = {
			isa = PBXGroup;
			children = (
				D788A06C70C2B87D95062DAC /* Pods_iOSTemplates.framework */,
				DE478FAC7EE57E92DEFD674B /* Pods_iOSTemplates_iOSTemplatesUITests.framework */,
				3D73B1EFF3D8733A5E0662FB /* Pods_iOSTemplatesTests.framework */,
			);
			name = Frameworks;
			sourceTree = "<group>";
		};
/* End PBXGroup section */

/* Begin PBXNativeTarget section */
		8A625D032955685E007F1E99 /* iOSTemplates */ = {
			isa = PBXNativeTarget;
			buildConfigurationList = 8A625D2E29556860007F1E99 /* Build configuration list for PBXNativeTarget "iOSTemplates" */;
			buildPhases = (
				4CC744AFC8E3CB2DBC9F3471 /* [CP] Check Pods Manifest.lock */,
				8A625D39295941A9007F1E99 /* Sourcery */,
				8A625D3729593E89007F1E99 /* SwiftLint */,
				8A625D3829593EFD007F1E99 /* SwiftFormat Lint */,
				8A625D002955685E007F1E99 /* Sources */,
				8A625D022955685E007F1E99 /* Resources */,
				8A625D012955685E007F1E99 /* Frameworks */,
				24E4AABCA526920B4CA43575 /* [CP] Embed Pods Frameworks */,
			);
			buildRules = (
			);
			dependencies = (
			);
			name = iOSTemplates;
			productName = iOSTemplates;
			productReference = 8A625D042955685E007F1E99 /* iOSTemplates.app */;
			productType = "com.apple.product-type.application";
		};
		8A625D1929556860007F1E99 /* iOSTemplatesTests */ = {
			isa = PBXNativeTarget;
			buildConfigurationList = 8A625D3129556860007F1E99 /* Build configuration list for PBXNativeTarget "iOSTemplatesTests" */;
			buildPhases = (
				B4199BE281356FD74D8983B9 /* [CP] Check Pods Manifest.lock */,
				8A625D1629556860007F1E99 /* Sources */,
				8A625D1729556860007F1E99 /* Frameworks */,
				8A625D1829556860007F1E99 /* Resources */,
				33EE8F502606979EE9DD9E4E /* [CP] Embed Pods Frameworks */,
			);
			buildRules = (
			);
			dependencies = (
				8A625D1C29556860007F1E99 /* PBXTargetDependency */,
			);
			name = iOSTemplatesTests;
			productName = iOSTemplatesTests;
			productReference = 8A625D1A29556860007F1E99 /* iOSTemplatesTests.xctest */;
			productType = "com.apple.product-type.bundle.unit-test";
		};
		8A625D2329556860007F1E99 /* iOSTemplatesUITests */ = {
			isa = PBXNativeTarget;
			buildConfigurationList = 8A625D3429556860007F1E99 /* Build configuration list for PBXNativeTarget "iOSTemplatesUITests" */;
			buildPhases = (
				20A036B787328CF16DC91CF1 /* [CP] Check Pods Manifest.lock */,
				8A625D2029556860007F1E99 /* Sources */,
				8A625D2129556860007F1E99 /* Frameworks */,
				8A625D2229556860007F1E99 /* Resources */,
				AE3DD54E59BA8C249CECCE6C /* [CP] Embed Pods Frameworks */,
			);
			buildRules = (
			);
			dependencies = (
				8A625D2629556860007F1E99 /* PBXTargetDependency */,
			);
			name = iOSTemplatesUITests;
			productName = iOSTemplatesUITests;
			productReference = 8A625D2429556860007F1E99 /* iOSTemplatesUITests.xctest */;
			productType = "com.apple.product-type.bundle.ui-testing";
		};
/* End PBXNativeTarget section */

/* Begin PBXProject section */
		8A625CFC2955685E007F1E99 /* Project object */ = {
			isa = PBXProject;
			attributes = {
				BuildIndependentTargetsInParallel = 1;
				LastSwiftUpdateCheck = 1410;
				LastUpgradeCheck = 1410;
				ORGANIZATIONNAME = "Monstar Lab VietNam Co., Ltd.";
				TargetAttributes = {
					8A625D032955685E007F1E99 = {
						CreatedOnToolsVersion = 14.1;
					};
					8A625D1929556860007F1E99 = {
						CreatedOnToolsVersion = 14.1;
						TestTargetID = 8A625D032955685E007F1E99;
					};
					8A625D2329556860007F1E99 = {
						CreatedOnToolsVersion = 14.1;
						TestTargetID = 8A625D032955685E007F1E99;
					};
				};
			};
			buildConfigurationList = 8A625CFF2955685E007F1E99 /* Build configuration list for PBXProject "iOSTemplates" */;
			compatibilityVersion = "Xcode 14.0";
			developmentRegion = en;
			hasScannedForEncodings = 0;
			knownRegions = (
				en,
				Base,
			);
			mainGroup = 8A625CFB2955685E007F1E99;
			productRefGroup = 8A625D052955685E007F1E99 /* Products */;
			projectDirPath = "";
			projectRoot = "";
			targets = (
				8A625D032955685E007F1E99 /* iOSTemplates */,
				8A625D1929556860007F1E99 /* iOSTemplatesTests */,
				8A625D2329556860007F1E99 /* iOSTemplatesUITests */,
			);
		};
/* End PBXProject section */

/* Begin PBXResourcesBuildPhase section */
		8A625D022955685E007F1E99 /* Resources */ = {
			isa = PBXResourcesBuildPhase;
			buildActionMask = 2147483647;
			files = (
				8A625D1429556860007F1E99 /* LaunchScreen.storyboard in Resources */,
				8A625D1129556860007F1E99 /* Assets.xcassets in Resources */,
			);
			runOnlyForDeploymentPostprocessing = 0;
		};
		8A625D1829556860007F1E99 /* Resources */ = {
			isa = PBXResourcesBuildPhase;
			buildActionMask = 2147483647;
			files = (
			);
			runOnlyForDeploymentPostprocessing = 0;
		};
		8A625D2229556860007F1E99 /* Resources */ = {
			isa = PBXResourcesBuildPhase;
			buildActionMask = 2147483647;
			files = (
			);
			runOnlyForDeploymentPostprocessing = 0;
		};
/* End PBXResourcesBuildPhase section */

/* Begin PBXShellScriptBuildPhase section */
		20A036B787328CF16DC91CF1 /* [CP] Check Pods Manifest.lock */ = {
			isa = PBXShellScriptBuildPhase;
			buildActionMask = 2147483647;
			files = (
			);
			inputFileListPaths = (
			);
			inputPaths = (
				"${PODS_PODFILE_DIR_PATH}/Podfile.lock",
				"${PODS_ROOT}/Manifest.lock",
			);
			name = "[CP] Check Pods Manifest.lock";
			outputFileListPaths = (
			);
			outputPaths = (
				"$(DERIVED_FILE_DIR)/Pods-iOSTemplates-iOSTemplatesUITests-checkManifestLockResult.txt",
			);
			runOnlyForDeploymentPostprocessing = 0;
			shellPath = /bin/sh;
			shellScript = "diff \"${PODS_PODFILE_DIR_PATH}/Podfile.lock\" \"${PODS_ROOT}/Manifest.lock\" > /dev/null\nif [ $? != 0 ] ; then\n    # print error to STDERR\n    echo \"error: The sandbox is not in sync with the Podfile.lock. Run 'pod install' or update your CocoaPods installation.\" >&2\n    exit 1\nfi\n# This output is used by Xcode 'outputs' to avoid re-running this script phase.\necho \"SUCCESS\" > \"${SCRIPT_OUTPUT_FILE_0}\"\n";
			showEnvVarsInLog = 0;
		};
		24E4AABCA526920B4CA43575 /* [CP] Embed Pods Frameworks */ = {
			isa = PBXShellScriptBuildPhase;
			buildActionMask = 2147483647;
			files = (
			);
			inputFileListPaths = (
				"${PODS_ROOT}/Target Support Files/Pods-iOSTemplates/Pods-iOSTemplates-frameworks-${CONFIGURATION}-input-files.xcfilelist",
			);
			name = "[CP] Embed Pods Frameworks";
			outputFileListPaths = (
				"${PODS_ROOT}/Target Support Files/Pods-iOSTemplates/Pods-iOSTemplates-frameworks-${CONFIGURATION}-output-files.xcfilelist",
			);
			runOnlyForDeploymentPostprocessing = 0;
			shellPath = /bin/sh;
			shellScript = "\"${PODS_ROOT}/Target Support Files/Pods-iOSTemplates/Pods-iOSTemplates-frameworks.sh\"\n";
			showEnvVarsInLog = 0;
		};
		33EE8F502606979EE9DD9E4E /* [CP] Embed Pods Frameworks */ = {
			isa = PBXShellScriptBuildPhase;
			buildActionMask = 2147483647;
			files = (
			);
			inputFileListPaths = (
				"${PODS_ROOT}/Target Support Files/Pods-iOSTemplatesTests/Pods-iOSTemplatesTests-frameworks-${CONFIGURATION}-input-files.xcfilelist",
			);
			name = "[CP] Embed Pods Frameworks";
			outputFileListPaths = (
				"${PODS_ROOT}/Target Support Files/Pods-iOSTemplatesTests/Pods-iOSTemplatesTests-frameworks-${CONFIGURATION}-output-files.xcfilelist",
			);
			runOnlyForDeploymentPostprocessing = 0;
			shellPath = /bin/sh;
			shellScript = "\"${PODS_ROOT}/Target Support Files/Pods-iOSTemplatesTests/Pods-iOSTemplatesTests-frameworks.sh\"\n";
			showEnvVarsInLog = 0;
		};
		4CC744AFC8E3CB2DBC9F3471 /* [CP] Check Pods Manifest.lock */ = {
			isa = PBXShellScriptBuildPhase;
			buildActionMask = 2147483647;
			files = (
			);
			inputFileListPaths = (
			);
			inputPaths = (
				"${PODS_PODFILE_DIR_PATH}/Podfile.lock",
				"${PODS_ROOT}/Manifest.lock",
			);
			name = "[CP] Check Pods Manifest.lock";
			outputFileListPaths = (
			);
			outputPaths = (
				"$(DERIVED_FILE_DIR)/Pods-iOSTemplates-checkManifestLockResult.txt",
			);
			runOnlyForDeploymentPostprocessing = 0;
			shellPath = /bin/sh;
			shellScript = "diff \"${PODS_PODFILE_DIR_PATH}/Podfile.lock\" \"${PODS_ROOT}/Manifest.lock\" > /dev/null\nif [ $? != 0 ] ; then\n    # print error to STDERR\n    echo \"error: The sandbox is not in sync with the Podfile.lock. Run 'pod install' or update your CocoaPods installation.\" >&2\n    exit 1\nfi\n# This output is used by Xcode 'outputs' to avoid re-running this script phase.\necho \"SUCCESS\" > \"${SCRIPT_OUTPUT_FILE_0}\"\n";
			showEnvVarsInLog = 0;
		};
		8A625D3729593E89007F1E99 /* SwiftLint */ = {
			isa = PBXShellScriptBuildPhase;
			buildActionMask = 2147483647;
			files = (
			);
			inputFileListPaths = (
			);
			inputPaths = (
			);
			name = SwiftLint;
			outputFileListPaths = (
			);
			outputPaths = (
			);
			runOnlyForDeploymentPostprocessing = 0;
			shellPath = /bin/sh;
			shellScript = "if [ -z \"$CI\" ]; then\n    ${PODS_ROOT}/SwiftLint/swiftlint\nfi\n";
		};
		8A625D3829593EFD007F1E99 /* SwiftFormat Lint */ = {
			isa = PBXShellScriptBuildPhase;
			buildActionMask = 2147483647;
			files = (
			);
			inputFileListPaths = (
			);
			inputPaths = (
			);
			name = "SwiftFormat Lint";
			outputFileListPaths = (
			);
			outputPaths = (
			);
			runOnlyForDeploymentPostprocessing = 0;
			shellPath = /bin/sh;
			shellScript = "if [ -z \"$CI\" ]; then\n    \"${PODS_ROOT}/SwiftFormat/CommandLineTool/swiftformat\" \"$SRCROOT\" --lint --lenient\nfi\n";
		};
		8A625D39295941A9007F1E99 /* Sourcery */ = {
			isa = PBXShellScriptBuildPhase;
			buildActionMask = 2147483647;
			files = (
			);
			inputFileListPaths = (
			);
			inputPaths = (
			);
			name = Sourcery;
			outputFileListPaths = (
			);
			outputPaths = (
			);
			runOnlyForDeploymentPostprocessing = 0;
			shellPath = /bin/sh;
			shellScript = "\"$PODS_ROOT/Sourcery/bin/sourcery\"\n";
		};
		AE3DD54E59BA8C249CECCE6C /* [CP] Embed Pods Frameworks */ = {
			isa = PBXShellScriptBuildPhase;
			buildActionMask = 2147483647;
			files = (
			);
			inputFileListPaths = (
				"${PODS_ROOT}/Target Support Files/Pods-iOSTemplates-iOSTemplatesUITests/Pods-iOSTemplates-iOSTemplatesUITests-frameworks-${CONFIGURATION}-input-files.xcfilelist",
			);
			name = "[CP] Embed Pods Frameworks";
			outputFileListPaths = (
				"${PODS_ROOT}/Target Support Files/Pods-iOSTemplates-iOSTemplatesUITests/Pods-iOSTemplates-iOSTemplatesUITests-frameworks-${CONFIGURATION}-output-files.xcfilelist",
			);
			runOnlyForDeploymentPostprocessing = 0;
			shellPath = /bin/sh;
			shellScript = "\"${PODS_ROOT}/Target Support Files/Pods-iOSTemplates-iOSTemplatesUITests/Pods-iOSTemplates-iOSTemplatesUITests-frameworks.sh\"\n";
			showEnvVarsInLog = 0;
		};
		B4199BE281356FD74D8983B9 /* [CP] Check Pods Manifest.lock */ = {
			isa = PBXShellScriptBuildPhase;
			buildActionMask = 2147483647;
			files = (
			);
			inputFileListPaths = (
			);
			inputPaths = (
				"${PODS_PODFILE_DIR_PATH}/Podfile.lock",
				"${PODS_ROOT}/Manifest.lock",
			);
			name = "[CP] Check Pods Manifest.lock";
			outputFileListPaths = (
			);
			outputPaths = (
				"$(DERIVED_FILE_DIR)/Pods-iOSTemplatesTests-checkManifestLockResult.txt",
			);
			runOnlyForDeploymentPostprocessing = 0;
			shellPath = /bin/sh;
			shellScript = "diff \"${PODS_PODFILE_DIR_PATH}/Podfile.lock\" \"${PODS_ROOT}/Manifest.lock\" > /dev/null\nif [ $? != 0 ] ; then\n    # print error to STDERR\n    echo \"error: The sandbox is not in sync with the Podfile.lock. Run 'pod install' or update your CocoaPods installation.\" >&2\n    exit 1\nfi\n# This output is used by Xcode 'outputs' to avoid re-running this script phase.\necho \"SUCCESS\" > \"${SCRIPT_OUTPUT_FILE_0}\"\n";
			showEnvVarsInLog = 0;
		};
/* End PBXShellScriptBuildPhase section */

/* Begin PBXSourcesBuildPhase section */
		8A625D002955685E007F1E99 /* Sources */ = {
			isa = PBXSourcesBuildPhase;
			buildActionMask = 2147483647;
			files = (
				8A625D0C2955685E007F1E99 /* ViewController.swift in Sources */,
				8A625D082955685E007F1E99 /* AppDelegate.swift in Sources */,
				8A625D0A2955685E007F1E99 /* SceneDelegate.swift in Sources */,
			);
			runOnlyForDeploymentPostprocessing = 0;
		};
		8A625D1629556860007F1E99 /* Sources */ = {
			isa = PBXSourcesBuildPhase;
			buildActionMask = 2147483647;
			files = (
				8A625D1F29556860007F1E99 /* iOSTemplatesTests.swift in Sources */,
			);
			runOnlyForDeploymentPostprocessing = 0;
		};
		8A625D2029556860007F1E99 /* Sources */ = {
			isa = PBXSourcesBuildPhase;
			buildActionMask = 2147483647;
			files = (
				8A625D2B29556860007F1E99 /* iOSTemplatesUITestsLaunchTests.swift in Sources */,
				8A625D2929556860007F1E99 /* iOSTemplatesUITests.swift in Sources */,
			);
			runOnlyForDeploymentPostprocessing = 0;
		};
/* End PBXSourcesBuildPhase section */

/* Begin PBXTargetDependency section */
		8A625D1C29556860007F1E99 /* PBXTargetDependency */ = {
			isa = PBXTargetDependency;
			target = 8A625D032955685E007F1E99 /* iOSTemplates */;
			targetProxy = 8A625D1B29556860007F1E99 /* PBXContainerItemProxy */;
		};
		8A625D2629556860007F1E99 /* PBXTargetDependency */ = {
			isa = PBXTargetDependency;
			target = 8A625D032955685E007F1E99 /* iOSTemplates */;
			targetProxy = 8A625D2529556860007F1E99 /* PBXContainerItemProxy */;
		};
/* End PBXTargetDependency section */

/* Begin PBXVariantGroup section */
		8A625D1229556860007F1E99 /* LaunchScreen.storyboard */ = {
			isa = PBXVariantGroup;
			children = (
				8A625D1329556860007F1E99 /* Base */,
			);
			name = LaunchScreen.storyboard;
			sourceTree = "<group>";
		};
/* End PBXVariantGroup section */

/* Begin XCBuildConfiguration section */
		8A625D2C29556860007F1E99 /* Debug */ = {
			isa = XCBuildConfiguration;
			buildSettings = {
				ALWAYS_SEARCH_USER_PATHS = NO;
				CLANG_ANALYZER_NONNULL = YES;
				CLANG_ANALYZER_NUMBER_OBJECT_CONVERSION = YES_AGGRESSIVE;
				CLANG_CXX_LANGUAGE_STANDARD = "gnu++20";
				CLANG_ENABLE_MODULES = YES;
				CLANG_ENABLE_OBJC_ARC = YES;
				CLANG_ENABLE_OBJC_WEAK = YES;
				CLANG_WARN_BLOCK_CAPTURE_AUTORELEASING = YES;
				CLANG_WARN_BOOL_CONVERSION = YES;
				CLANG_WARN_COMMA = YES;
				CLANG_WARN_CONSTANT_CONVERSION = YES;
				CLANG_WARN_DEPRECATED_OBJC_IMPLEMENTATIONS = YES;
				CLANG_WARN_DIRECT_OBJC_ISA_USAGE = YES_ERROR;
				CLANG_WARN_DOCUMENTATION_COMMENTS = YES;
				CLANG_WARN_EMPTY_BODY = YES;
				CLANG_WARN_ENUM_CONVERSION = YES;
				CLANG_WARN_INFINITE_RECURSION = YES;
				CLANG_WARN_INT_CONVERSION = YES;
				CLANG_WARN_NON_LITERAL_NULL_CONVERSION = YES;
				CLANG_WARN_OBJC_IMPLICIT_RETAIN_SELF = YES;
				CLANG_WARN_OBJC_LITERAL_CONVERSION = YES;
				CLANG_WARN_OBJC_ROOT_CLASS = YES_ERROR;
				CLANG_WARN_QUOTED_INCLUDE_IN_FRAMEWORK_HEADER = YES;
				CLANG_WARN_RANGE_LOOP_ANALYSIS = YES;
				CLANG_WARN_STRICT_PROTOTYPES = YES;
				CLANG_WARN_SUSPICIOUS_MOVE = YES;
				CLANG_WARN_UNGUARDED_AVAILABILITY = YES_AGGRESSIVE;
				CLANG_WARN_UNREACHABLE_CODE = YES;
				CLANG_WARN__DUPLICATE_METHOD_MATCH = YES;
				COPY_PHASE_STRIP = NO;
				DEBUG_INFORMATION_FORMAT = dwarf;
				ENABLE_STRICT_OBJC_MSGSEND = YES;
				ENABLE_TESTABILITY = YES;
				GCC_C_LANGUAGE_STANDARD = gnu11;
				GCC_DYNAMIC_NO_PIC = NO;
				GCC_NO_COMMON_BLOCKS = YES;
				GCC_OPTIMIZATION_LEVEL = 0;
				GCC_PREPROCESSOR_DEFINITIONS = (
					"DEBUG=1",
					"$(inherited)",
				);
				GCC_WARN_64_TO_32_BIT_CONVERSION = YES;
				GCC_WARN_ABOUT_RETURN_TYPE = YES_ERROR;
				GCC_WARN_UNDECLARED_SELECTOR = YES;
				GCC_WARN_UNINITIALIZED_AUTOS = YES_AGGRESSIVE;
				GCC_WARN_UNUSED_FUNCTION = YES;
				GCC_WARN_UNUSED_VARIABLE = YES;
				IPHONEOS_DEPLOYMENT_TARGET = 16.1;
				MTL_ENABLE_DEBUG_INFO = INCLUDE_SOURCE;
				MTL_FAST_MATH = YES;
				ONLY_ACTIVE_ARCH = YES;
				SDKROOT = iphoneos;
				SWIFT_ACTIVE_COMPILATION_CONDITIONS = DEBUG;
				SWIFT_OPTIMIZATION_LEVEL = "-Onone";
			};
			name = Debug;
		};
		8A625D2D29556860007F1E99 /* Release */ = {
			isa = XCBuildConfiguration;
			buildSettings = {
				ALWAYS_SEARCH_USER_PATHS = NO;
				CLANG_ANALYZER_NONNULL = YES;
				CLANG_ANALYZER_NUMBER_OBJECT_CONVERSION = YES_AGGRESSIVE;
				CLANG_CXX_LANGUAGE_STANDARD = "gnu++20";
				CLANG_ENABLE_MODULES = YES;
				CLANG_ENABLE_OBJC_ARC = YES;
				CLANG_ENABLE_OBJC_WEAK = YES;
				CLANG_WARN_BLOCK_CAPTURE_AUTORELEASING = YES;
				CLANG_WARN_BOOL_CONVERSION = YES;
				CLANG_WARN_COMMA = YES;
				CLANG_WARN_CONSTANT_CONVERSION = YES;
				CLANG_WARN_DEPRECATED_OBJC_IMPLEMENTATIONS = YES;
				CLANG_WARN_DIRECT_OBJC_ISA_USAGE = YES_ERROR;
				CLANG_WARN_DOCUMENTATION_COMMENTS = YES;
				CLANG_WARN_EMPTY_BODY = YES;
				CLANG_WARN_ENUM_CONVERSION = YES;
				CLANG_WARN_INFINITE_RECURSION = YES;
				CLANG_WARN_INT_CONVERSION = YES;
				CLANG_WARN_NON_LITERAL_NULL_CONVERSION = YES;
				CLANG_WARN_OBJC_IMPLICIT_RETAIN_SELF = YES;
				CLANG_WARN_OBJC_LITERAL_CONVERSION = YES;
				CLANG_WARN_OBJC_ROOT_CLASS = YES_ERROR;
				CLANG_WARN_QUOTED_INCLUDE_IN_FRAMEWORK_HEADER = YES;
				CLANG_WARN_RANGE_LOOP_ANALYSIS = YES;
				CLANG_WARN_STRICT_PROTOTYPES = YES;
				CLANG_WARN_SUSPICIOUS_MOVE = YES;
				CLANG_WARN_UNGUARDED_AVAILABILITY = YES_AGGRESSIVE;
				CLANG_WARN_UNREACHABLE_CODE = YES;
				CLANG_WARN__DUPLICATE_METHOD_MATCH = YES;
				COPY_PHASE_STRIP = NO;
				DEBUG_INFORMATION_FORMAT = "dwarf-with-dsym";
				ENABLE_NS_ASSERTIONS = NO;
				ENABLE_STRICT_OBJC_MSGSEND = YES;
				GCC_C_LANGUAGE_STANDARD = gnu11;
				GCC_NO_COMMON_BLOCKS = YES;
				GCC_WARN_64_TO_32_BIT_CONVERSION = YES;
				GCC_WARN_ABOUT_RETURN_TYPE = YES_ERROR;
				GCC_WARN_UNDECLARED_SELECTOR = YES;
				GCC_WARN_UNINITIALIZED_AUTOS = YES_AGGRESSIVE;
				GCC_WARN_UNUSED_FUNCTION = YES;
				GCC_WARN_UNUSED_VARIABLE = YES;
				IPHONEOS_DEPLOYMENT_TARGET = 16.1;
				MTL_ENABLE_DEBUG_INFO = NO;
				MTL_FAST_MATH = YES;
				SDKROOT = iphoneos;
				SWIFT_COMPILATION_MODE = wholemodule;
				SWIFT_OPTIMIZATION_LEVEL = "-O";
				VALIDATE_PRODUCT = YES;
			};
			name = Release;
		};
		8A625D2F29556860007F1E99 /* Debug */ = {
			isa = XCBuildConfiguration;
			baseConfigurationReference = CB0B20F3AFC36BF68A740CA6 /* Pods-iOSTemplates.debug.xcconfig */;
			buildSettings = {
				ASSETCATALOG_COMPILER_APPICON_NAME = AppIcon;
				ASSETCATALOG_COMPILER_GLOBAL_ACCENT_COLOR_NAME = AccentColor;
				CODE_SIGN_STYLE = Manual;
				CURRENT_PROJECT_VERSION = 1;
				DEVELOPMENT_TEAM = "";
				GENERATE_INFOPLIST_FILE = YES;
				INFOPLIST_FILE = iOSTemplates/Info.plist;
				INFOPLIST_KEY_UIApplicationSupportsIndirectInputEvents = YES;
				INFOPLIST_KEY_UILaunchStoryboardName = LaunchScreen.storyboard;
				INFOPLIST_KEY_UIMainStoryboardFile = Main;
				INFOPLIST_KEY_UISupportedInterfaceOrientations = UIInterfaceOrientationPortrait;
				INFOPLIST_KEY_UISupportedInterfaceOrientations_iPad = "UIInterfaceOrientationLandscapeLeft UIInterfaceOrientationLandscapeRight UIInterfaceOrientationPortrait UIInterfaceOrientationPortraitUpsideDown";
				IPHONEOS_DEPLOYMENT_TARGET = 13.0;
				LD_RUNPATH_SEARCH_PATHS = (
					"$(inherited)",
					"@executable_path/Frameworks",
				);
				MARKETING_VERSION = 1.0;
				PRODUCT_BUNDLE_IDENTIFIER = vn.ml.iOSTemplates;
				PRODUCT_NAME = "$(TARGET_NAME)";
				PROVISIONING_PROFILE_SPECIFIER = "";
				SUPPORTED_PLATFORMS = "iphoneos iphonesimulator";
				SUPPORTS_MACCATALYST = NO;
				SUPPORTS_MAC_DESIGNED_FOR_IPHONE_IPAD = YES;
				SWIFT_EMIT_LOC_STRINGS = YES;
				SWIFT_VERSION = 5.0;
				TARGETED_DEVICE_FAMILY = 1;
			};
			name = Debug;
		};
		8A625D3029556860007F1E99 /* Release */ = {
			isa = XCBuildConfiguration;
			baseConfigurationReference = BFE5FA32D62007B1EC4D9447 /* Pods-iOSTemplates.release.xcconfig */;
			buildSettings = {
				ASSETCATALOG_COMPILER_APPICON_NAME = AppIcon;
				ASSETCATALOG_COMPILER_GLOBAL_ACCENT_COLOR_NAME = AccentColor;
				CODE_SIGN_STYLE = Manual;
				CURRENT_PROJECT_VERSION = 1;
				DEVELOPMENT_TEAM = "";
				GENERATE_INFOPLIST_FILE = YES;
				INFOPLIST_FILE = iOSTemplates/Info.plist;
				INFOPLIST_KEY_UIApplicationSupportsIndirectInputEvents = YES;
				INFOPLIST_KEY_UILaunchStoryboardName = LaunchScreen.storyboard;
				INFOPLIST_KEY_UIMainStoryboardFile = Main;
				INFOPLIST_KEY_UISupportedInterfaceOrientations = UIInterfaceOrientationPortrait;
				INFOPLIST_KEY_UISupportedInterfaceOrientations_iPad = "UIInterfaceOrientationLandscapeLeft UIInterfaceOrientationLandscapeRight UIInterfaceOrientationPortrait UIInterfaceOrientationPortraitUpsideDown";
				IPHONEOS_DEPLOYMENT_TARGET = 13.0;
				LD_RUNPATH_SEARCH_PATHS = (
					"$(inherited)",
					"@executable_path/Frameworks",
				);
				MARKETING_VERSION = 1.0;
				PRODUCT_BUNDLE_IDENTIFIER = vn.ml.iOSTemplates;
				PRODUCT_NAME = "$(TARGET_NAME)";
				PROVISIONING_PROFILE_SPECIFIER = "";
				SUPPORTED_PLATFORMS = "iphoneos iphonesimulator";
				SUPPORTS_MACCATALYST = NO;
				SUPPORTS_MAC_DESIGNED_FOR_IPHONE_IPAD = YES;
				SWIFT_EMIT_LOC_STRINGS = YES;
				SWIFT_VERSION = 5.0;
				TARGETED_DEVICE_FAMILY = 1;
			};
			name = Release;
		};
		8A625D3229556860007F1E99 /* Debug */ = {
			isa = XCBuildConfiguration;
			baseConfigurationReference = CCF5F3873851E49C2F4B2B23 /* Pods-iOSTemplatesTests.debug.xcconfig */;
			buildSettings = {
				ALWAYS_EMBED_SWIFT_STANDARD_LIBRARIES = YES;
				BUNDLE_LOADER = "$(TEST_HOST)";
				CODE_SIGN_STYLE = Automatic;
				CURRENT_PROJECT_VERSION = 1;
				GENERATE_INFOPLIST_FILE = YES;
				IPHONEOS_DEPLOYMENT_TARGET = 16.1;
				MARKETING_VERSION = 1.0;
				PRODUCT_BUNDLE_IDENTIFIER = vn.ml.iOSTemplatesTests;
				PRODUCT_NAME = "$(TARGET_NAME)";
				SWIFT_EMIT_LOC_STRINGS = NO;
				SWIFT_VERSION = 5.0;
				TARGETED_DEVICE_FAMILY = "1,2";
				TEST_HOST = "$(BUILT_PRODUCTS_DIR)/iOSTemplates.app/$(BUNDLE_EXECUTABLE_FOLDER_PATH)/iOSTemplates";
			};
			name = Debug;
		};
		8A625D3329556860007F1E99 /* Release */ = {
			isa = XCBuildConfiguration;
			baseConfigurationReference = ED5286A32DD4267F0D70D4C2 /* Pods-iOSTemplatesTests.release.xcconfig */;
			buildSettings = {
				ALWAYS_EMBED_SWIFT_STANDARD_LIBRARIES = YES;
				BUNDLE_LOADER = "$(TEST_HOST)";
				CODE_SIGN_STYLE = Automatic;
				CURRENT_PROJECT_VERSION = 1;
				GENERATE_INFOPLIST_FILE = YES;
				IPHONEOS_DEPLOYMENT_TARGET = 16.1;
				MARKETING_VERSION = 1.0;
				PRODUCT_BUNDLE_IDENTIFIER = vn.ml.iOSTemplatesTests;
				PRODUCT_NAME = "$(TARGET_NAME)";
				SWIFT_EMIT_LOC_STRINGS = NO;
				SWIFT_VERSION = 5.0;
				TARGETED_DEVICE_FAMILY = "1,2";
				TEST_HOST = "$(BUILT_PRODUCTS_DIR)/iOSTemplates.app/$(BUNDLE_EXECUTABLE_FOLDER_PATH)/iOSTemplates";
			};
			name = Release;
		};
		8A625D3529556860007F1E99 /* Debug */ = {
			isa = XCBuildConfiguration;
			baseConfigurationReference = 70CD2FC8403890DA7E5606E9 /* Pods-iOSTemplates-iOSTemplatesUITests.debug.xcconfig */;
			buildSettings = {
				ALWAYS_EMBED_SWIFT_STANDARD_LIBRARIES = YES;
				CODE_SIGN_STYLE = Automatic;
				CURRENT_PROJECT_VERSION = 1;
				GENERATE_INFOPLIST_FILE = YES;
				MARKETING_VERSION = 1.0;
				PRODUCT_BUNDLE_IDENTIFIER = vn.ml.iOSTemplatesUITests;
				PRODUCT_NAME = "$(TARGET_NAME)";
				SWIFT_EMIT_LOC_STRINGS = NO;
				SWIFT_VERSION = 5.0;
				TARGETED_DEVICE_FAMILY = "1,2";
				TEST_TARGET_NAME = iOSTemplates;
			};
			name = Debug;
		};
		8A625D3629556860007F1E99 /* Release */ = {
			isa = XCBuildConfiguration;
			baseConfigurationReference = 7EB0286623D74BD5DABEF9E6 /* Pods-iOSTemplates-iOSTemplatesUITests.release.xcconfig */;
			buildSettings = {
				ALWAYS_EMBED_SWIFT_STANDARD_LIBRARIES = YES;
				CODE_SIGN_STYLE = Automatic;
				CURRENT_PROJECT_VERSION = 1;
				GENERATE_INFOPLIST_FILE = YES;
				MARKETING_VERSION = 1.0;
				PRODUCT_BUNDLE_IDENTIFIER = vn.ml.iOSTemplatesUITests;
				PRODUCT_NAME = "$(TARGET_NAME)";
				SWIFT_EMIT_LOC_STRINGS = NO;
				SWIFT_VERSION = 5.0;
				TARGETED_DEVICE_FAMILY = "1,2";
				TEST_TARGET_NAME = iOSTemplates;
			};
			name = Release;
		};
/* End XCBuildConfiguration section */

/* Begin XCConfigurationList section */
		8A625CFF2955685E007F1E99 /* Build configuration list for PBXProject "iOSTemplates" */ = {
			isa = XCConfigurationList;
			buildConfigurations = (
				8A625D2C29556860007F1E99 /* Debug */,
				8A625D2D29556860007F1E99 /* Release */,
			);
			defaultConfigurationIsVisible = 0;
			defaultConfigurationName = Release;
		};
		8A625D2E29556860007F1E99 /* Build configuration list for PBXNativeTarget "iOSTemplates" */ = {
			isa = XCConfigurationList;
			buildConfigurations = (
				8A625D2F29556860007F1E99 /* Debug */,
				8A625D3029556860007F1E99 /* Release */,
			);
			defaultConfigurationIsVisible = 0;
			defaultConfigurationName = Release;
		};
		8A625D3129556860007F1E99 /* Build configuration list for PBXNativeTarget "iOSTemplatesTests" */ = {
			isa = XCConfigurationList;
			buildConfigurations = (
				8A625D3229556860007F1E99 /* Debug */,
				8A625D3329556860007F1E99 /* Release */,
			);
			defaultConfigurationIsVisible = 0;
			defaultConfigurationName = Release;
		};
		8A625D3429556860007F1E99 /* Build configuration list for PBXNativeTarget "iOSTemplatesUITests" */ = {
			isa = XCConfigurationList;
			buildConfigurations = (
				8A625D3529556860007F1E99 /* Debug */,
				8A625D3629556860007F1E99 /* Release */,
			);
			defaultConfigurationIsVisible = 0;
			defaultConfigurationName = Release;
		};
/* End XCConfigurationList section */
	};
	rootObject = 8A625CFC2955685E007F1E99 /* Project object */;
}
